{
  "nodes": {
    "catppuccin-cursors": {
      "flake": false,
      "locked": {
        "lastModified": 1673786126,
        "narHash": "sha256-NNCtlcOhFEkOOLzXv6Qh2qyG/176pQgJliWjnfR9uFw=",
        "owner": "catppuccin",
        "repo": "cursors",
        "rev": "0ed5dfed4d3be01a923435fae191b82de51a2013",
        "type": "github"
      },
      "original": {
        "owner": "catppuccin",
        "repo": "cursors",
        "type": "github"
      }
    },
    "comma": {
      "inputs": {
        "flake-compat": "flake-compat",
        "naersk": "naersk",
        "nixpkgs": [
          "nixpkgs"
        ],
        "utils": "utils"
      },
      "locked": {
        "lastModified": 1680733215,
        "narHash": "sha256-5HNH/Lqj8OU/piH3tvPRkINXHHkt6bRp0QYYR4xOybE=",
        "owner": "nix-community",
        "repo": "comma",
        "rev": "ef97634016d17cc8cdea396ebcc002320494391a",
        "type": "github"
      },
      "original": {
        "owner": "nix-community",
        "repo": "comma",
        "type": "github"
      }
    },
    "cowfiles": {
      "flake": false,
      "locked": {
        "lastModified": 1637685835,
        "narHash": "sha256-fYjNpvn0yQqRxpxbkOcPRMeNbXCAKFxLhYdLJ0U7+7w=",
        "owner": "paulkaefer",
        "repo": "cowsay-files",
        "rev": "277057be8adefce94d3aac291bcbf719646c5da5",
        "type": "github"
      },
      "original": {
        "owner": "paulkaefer",
        "repo": "cowsay-files",
        "type": "github"
      }
    },
    "cowsay": {
      "inputs": {
        "cowfiles": "cowfiles",
        "nixpkgs": [
          "nixpkgs"
        ],
        "snowfall-lib": "snowfall-lib",
        "unstable": [
          "nixpkgs"
        ],
        "vhs": "vhs"
      },
      "locked": {
        "lastModified": 1676275717,
        "narHash": "sha256-a12WLBN44xDLdEzCnlCdBZFhGIqqlEKICatNyYY1mXM=",
        "owner": "snowfallorg",
        "repo": "cowsay",
        "rev": "00bcc91fecba0743c1eae453ee83b8292cdae145",
        "type": "github"
      },
      "original": {
        "owner": "snowfallorg",
        "repo": "cowsay",
        "type": "github"
      }
    },
    "darwin": {
      "inputs": {
        "nixpkgs": [
          "nixpkgs"
        ]
      },
      "locked": {
        "lastModified": 1682773107,
        "narHash": "sha256-+h94XeJnG3uk5imJlBi/1lVmcfCbxHpwZp5u7n3Krwg=",
        "owner": "lnl7",
        "repo": "nix-darwin",
        "rev": "379d42fad6bc5c28f79d5f7ff2fa5f1c90cb7bf8",
        "type": "github"
      },
      "original": {
        "owner": "lnl7",
        "repo": "nix-darwin",
        "type": "github"
      }
    },
    "deploy-rs": {
      "inputs": {
        "flake-compat": "flake-compat_4",
        "nixpkgs": [
          "nixpkgs"
        ],
        "utils": "utils_2"
      },
      "locked": {
        "lastModified": 1682063650,
        "narHash": "sha256-VaDHh2z6xlnTHaONlNVHP7qEMcK5rZ8Js3sT6mKb2XY=",
        "owner": "serokell",
        "repo": "deploy-rs",
        "rev": "c2ea4e642dc50fd44b537e9860ec95867af30d39",
        "type": "github"
      },
      "original": {
        "owner": "serokell",
        "repo": "deploy-rs",
        "type": "github"
      }
    },
    "devshell": {
      "inputs": {
        "flake-utils": "flake-utils_3",
        "nixpkgs": "nixpkgs"
      },
      "locked": {
        "lastModified": 1682700442,
        "narHash": "sha256-qjaAAcCYgp1pBBG7mY9z95ODUBZMtUpf0Qp3Gt/Wha0=",
        "owner": "numtide",
        "repo": "devshell",
        "rev": "fb6673fe9fe4409e3f43ca86968261e970918a83",
        "type": "github"
      },
      "original": {
        "owner": "numtide",
        "repo": "devshell",
        "type": "github"
      }
    },
    "discord-nord-theme": {
      "flake": false,
      "locked": {
        "lastModified": 1662442143,
        "narHash": "sha256-R0Ew/hQtXxbXEUjRS1iCRBIrwdg1RbpBOf39XU75a/k=",
        "owner": "DapperCore",
        "repo": "NordCord",
        "rev": "80066952fa5b4613a19c9d13134e5a69273c3988",
        "type": "github"
      },
      "original": {
        "owner": "DapperCore",
        "repo": "NordCord",
        "type": "github"
      }
    },
    "discord-tweaks": {
      "flake": false,
      "locked": {
        "lastModified": 1627600834,
        "narHash": "sha256-xSzbP86w5OUy1ZO1iHgv1drbujtlPQAgJmLA3x7UOFc=",
        "owner": "NurMarvin",
        "repo": "discord-tweaks",
        "rev": "bc28b090f9ed706d7f8271aeaa64bdcb886fd0ef",
        "type": "github"
      },
      "original": {
        "owner": "NurMarvin",
        "repo": "discord-tweaks",
        "type": "github"
      }
    },
    "flake": {
      "inputs": {
        "flake-compat": "flake-compat_5",
        "nixpkgs": [
          "nixpkgs"
        ],
        "snowfall-lib": "snowfall-lib_3",
        "unstable": "unstable"
      },
      "locked": {
        "lastModified": 1676352981,
        "narHash": "sha256-4Avwfq71dSpVYSuQwxe9b+jbBOSjdm4qVEZcfyGivts=",
        "owner": "snowfallorg",
        "repo": "flake",
        "rev": "ca46f77b9e42224ede87634d2d4d4ef90281fe21",
        "type": "github"
      },
      "original": {
        "owner": "snowfallorg",
        "repo": "flake",
        "type": "github"
      }
    },
    "flake-compat": {
      "flake": false,
      "locked": {
        "lastModified": 1673956053,
        "narHash": "sha256-4gtG9iQuiKITOjNQQeQIpoIB6b16fm+504Ch3sNKLd8=",
        "owner": "edolstra",
        "repo": "flake-compat",
        "rev": "35bb57c0c8d8b62bbfd284272c928ceb64ddbde9",
        "type": "github"
      },
      "original": {
        "owner": "edolstra",
        "repo": "flake-compat",
        "type": "github"
      }
    },
    "flake-compat_2": {
      "flake": false,
      "locked": {
        "lastModified": 1650374568,
        "narHash": "sha256-Z+s0J8/r907g149rllvwhb4pKi8Wam5ij0st8PwAh+E=",
        "owner": "edolstra",
        "repo": "flake-compat",
        "rev": "b4a34015c698c7793d592d66adbab377907a2be8",
        "type": "github"
      },
      "original": {
        "owner": "edolstra",
        "repo": "flake-compat",
        "type": "github"
      }
    },
    "flake-compat_3": {
      "flake": false,
      "locked": {
        "lastModified": 1650374568,
        "narHash": "sha256-Z+s0J8/r907g149rllvwhb4pKi8Wam5ij0st8PwAh+E=",
        "owner": "edolstra",
        "repo": "flake-compat",
        "rev": "b4a34015c698c7793d592d66adbab377907a2be8",
        "type": "github"
      },
      "original": {
        "owner": "edolstra",
        "repo": "flake-compat",
        "type": "github"
      }
    },
    "flake-compat_4": {
      "flake": false,
      "locked": {
        "lastModified": 1668681692,
        "narHash": "sha256-Ht91NGdewz8IQLtWZ9LCeNXMSXHUss+9COoqu6JLmXU=",
        "owner": "edolstra",
        "repo": "flake-compat",
        "rev": "009399224d5e398d03b22badca40a37ac85412a1",
        "type": "github"
      },
      "original": {
        "owner": "edolstra",
        "repo": "flake-compat",
        "type": "github"
      }
    },
    "flake-compat_5": {
      "flake": false,
      "locked": {
        "lastModified": 1668681692,
        "narHash": "sha256-Ht91NGdewz8IQLtWZ9LCeNXMSXHUss+9COoqu6JLmXU=",
        "owner": "edolstra",
        "repo": "flake-compat",
        "rev": "009399224d5e398d03b22badca40a37ac85412a1",
        "type": "github"
      },
      "original": {
        "owner": "edolstra",
        "repo": "flake-compat",
        "type": "github"
      }
    },
    "flake-compat_6": {
      "flake": false,
      "locked": {
        "lastModified": 1650374568,
        "narHash": "sha256-Z+s0J8/r907g149rllvwhb4pKi8Wam5ij0st8PwAh+E=",
        "owner": "edolstra",
        "repo": "flake-compat",
        "rev": "b4a34015c698c7793d592d66adbab377907a2be8",
        "type": "github"
      },
      "original": {
        "owner": "edolstra",
        "repo": "flake-compat",
        "type": "github"
      }
    },
    "flake-compat_7": {
      "flake": false,
      "locked": {
        "lastModified": 1650374568,
        "narHash": "sha256-Z+s0J8/r907g149rllvwhb4pKi8Wam5ij0st8PwAh+E=",
        "owner": "edolstra",
        "repo": "flake-compat",
        "rev": "b4a34015c698c7793d592d66adbab377907a2be8",
        "type": "github"
      },
      "original": {
        "owner": "edolstra",
        "repo": "flake-compat",
        "type": "github"
      }
    },
    "flake-compat_8": {
      "flake": false,
      "locked": {
        "lastModified": 1650374568,
        "narHash": "sha256-Z+s0J8/r907g149rllvwhb4pKi8Wam5ij0st8PwAh+E=",
        "owner": "edolstra",
        "repo": "flake-compat",
        "rev": "b4a34015c698c7793d592d66adbab377907a2be8",
        "type": "github"
      },
      "original": {
        "owner": "edolstra",
        "repo": "flake-compat",
        "type": "github"
      }
    },
    "flake-utils": {
      "locked": {
        "lastModified": 1644229661,
        "narHash": "sha256-1YdnJAsNy69bpcjuoKdOYQX0YxZBiCYZo4Twxerqv7k=",
        "owner": "numtide",
        "repo": "flake-utils",
        "rev": "3cecb5b042f7f209c56ffd8371b2711a290ec797",
        "type": "github"
      },
      "original": {
        "owner": "numtide",
        "repo": "flake-utils",
        "type": "github"
      }
    },
    "flake-utils-plus": {
      "inputs": {
        "flake-utils": "flake-utils"
      },
      "locked": {
        "lastModified": 1657226504,
        "narHash": "sha256-GIYNjuq4mJlFgqKsZ+YrgzWm0IpA4axA3MCrdKYj7gs=",
        "owner": "gytis-ivaskevicius",
        "repo": "flake-utils-plus",
        "rev": "2bf0f91643c2e5ae38c1b26893ac2927ac9bd82a",
        "type": "github"
      },
      "original": {
        "owner": "gytis-ivaskevicius",
        "repo": "flake-utils-plus",
        "type": "github"
      }
    },
    "flake-utils-plus_2": {
      "inputs": {
        "flake-utils": "flake-utils_2"
      },
      "locked": {
        "lastModified": 1657226504,
        "narHash": "sha256-GIYNjuq4mJlFgqKsZ+YrgzWm0IpA4axA3MCrdKYj7gs=",
        "owner": "gytis-ivaskevicius",
        "repo": "flake-utils-plus",
        "rev": "2bf0f91643c2e5ae38c1b26893ac2927ac9bd82a",
        "type": "github"
      },
      "original": {
        "owner": "gytis-ivaskevicius",
        "repo": "flake-utils-plus",
        "type": "github"
      }
    },
    "flake-utils-plus_3": {
      "inputs": {
        "flake-utils": "flake-utils_4"
      },
      "locked": {
        "lastModified": 1657226504,
        "narHash": "sha256-GIYNjuq4mJlFgqKsZ+YrgzWm0IpA4axA3MCrdKYj7gs=",
        "owner": "gytis-ivaskevicius",
        "repo": "flake-utils-plus",
        "rev": "2bf0f91643c2e5ae38c1b26893ac2927ac9bd82a",
        "type": "github"
      },
      "original": {
        "owner": "gytis-ivaskevicius",
        "repo": "flake-utils-plus",
        "type": "github"
      }
    },
    "flake-utils-plus_4": {
      "inputs": {
        "flake-utils": "flake-utils_5"
      },
      "locked": {
        "lastModified": 1657226504,
        "narHash": "sha256-GIYNjuq4mJlFgqKsZ+YrgzWm0IpA4axA3MCrdKYj7gs=",
        "owner": "gytis-ivaskevicius",
        "repo": "flake-utils-plus",
        "rev": "2bf0f91643c2e5ae38c1b26893ac2927ac9bd82a",
        "type": "github"
      },
      "original": {
        "owner": "gytis-ivaskevicius",
        "repo": "flake-utils-plus",
        "type": "github"
      }
    },
    "flake-utils-plus_5": {
      "inputs": {
        "flake-utils": "flake-utils_7"
      },
      "locked": {
        "lastModified": 1657226504,
        "narHash": "sha256-GIYNjuq4mJlFgqKsZ+YrgzWm0IpA4axA3MCrdKYj7gs=",
        "owner": "gytis-ivaskevicius",
        "repo": "flake-utils-plus",
        "rev": "2bf0f91643c2e5ae38c1b26893ac2927ac9bd82a",
        "type": "github"
      },
      "original": {
        "owner": "gytis-ivaskevicius",
        "repo": "flake-utils-plus",
        "type": "github"
      }
    },
    "flake-utils_2": {
      "locked": {
        "lastModified": 1644229661,
        "narHash": "sha256-1YdnJAsNy69bpcjuoKdOYQX0YxZBiCYZo4Twxerqv7k=",
        "owner": "numtide",
        "repo": "flake-utils",
        "rev": "3cecb5b042f7f209c56ffd8371b2711a290ec797",
        "type": "github"
      },
      "original": {
        "owner": "numtide",
        "repo": "flake-utils",
        "type": "github"
      }
    },
    "flake-utils_3": {
      "locked": {
        "lastModified": 1642700792,
        "narHash": "sha256-XqHrk7hFb+zBvRg6Ghl+AZDq03ov6OshJLiSWOoX5es=",
        "owner": "numtide",
        "repo": "flake-utils",
        "rev": "846b2ae0fc4cc943637d3d1def4454213e203cba",
        "type": "github"
      },
      "original": {
        "owner": "numtide",
        "repo": "flake-utils",
        "type": "github"
      }
    },
    "flake-utils_4": {
      "locked": {
        "lastModified": 1644229661,
        "narHash": "sha256-1YdnJAsNy69bpcjuoKdOYQX0YxZBiCYZo4Twxerqv7k=",
        "owner": "numtide",
        "repo": "flake-utils",
        "rev": "3cecb5b042f7f209c56ffd8371b2711a290ec797",
        "type": "github"
      },
      "original": {
        "owner": "numtide",
        "repo": "flake-utils",
        "type": "github"
      }
    },
    "flake-utils_5": {
      "locked": {
        "lastModified": 1644229661,
        "narHash": "sha256-1YdnJAsNy69bpcjuoKdOYQX0YxZBiCYZo4Twxerqv7k=",
        "owner": "numtide",
        "repo": "flake-utils",
        "rev": "3cecb5b042f7f209c56ffd8371b2711a290ec797",
        "type": "github"
      },
      "original": {
        "owner": "numtide",
        "repo": "flake-utils",
        "type": "github"
      }
    },
    "flake-utils_6": {
      "inputs": {
        "systems": "systems"
      },
      "locked": {
        "lastModified": 1681202837,
        "narHash": "sha256-H+Rh19JDwRtpVPAWp64F+rlEtxUWBAQW28eAi3SRSzg=",
        "owner": "numtide",
        "repo": "flake-utils",
        "rev": "cfacdce06f30d2b68473a46042957675eebb3401",
        "type": "github"
      },
      "original": {
        "owner": "numtide",
        "repo": "flake-utils",
        "type": "github"
      }
    },
    "flake-utils_7": {
      "locked": {
        "lastModified": 1644229661,
        "narHash": "sha256-1YdnJAsNy69bpcjuoKdOYQX0YxZBiCYZo4Twxerqv7k=",
        "owner": "numtide",
        "repo": "flake-utils",
        "rev": "3cecb5b042f7f209c56ffd8371b2711a290ec797",
        "type": "github"
      },
      "original": {
        "owner": "numtide",
        "repo": "flake-utils",
        "type": "github"
      }
    },
    "gpg-base-conf": {
      "flake": false,
      "locked": {
        "lastModified": 1672097286,
        "narHash": "sha256-Fto8FCVYeKviMz0VmCiXHrgMT1pVopJGGDHF0s3K4ts=",
        "owner": "drduh",
        "repo": "config",
        "rev": "6bea1fdaa8732ec8625f4bac7022b25e14b15ffe",
        "type": "github"
      },
      "original": {
        "owner": "drduh",
        "repo": "config",
        "type": "github"
      }
    },
    "home-manager": {
      "inputs": {
        "nixpkgs": [
          "nixpkgs"
        ]
      },
      "locked": {
        "lastModified": 1683153724,
        "narHash": "sha256-wiQ8pBYbbPklLngAz5w3VvwmpLqTNroKc7um56iCLHo=",
        "owner": "nix-community",
        "repo": "home-manager",
        "rev": "514c0a71f47cb80282742d7e4b6913c2c0582c2d",
        "type": "github"
      },
      "original": {
        "owner": "nix-community",
        "repo": "home-manager",
        "type": "github"
      }
    },
    "hyprland": {
      "inputs": {
        "hyprland-protocols": "hyprland-protocols",
        "nixpkgs": "nixpkgs_2",
        "wlroots": "wlroots",
        "xdph": "xdph"
      },
      "locked": {
        "lastModified": 1683143433,
        "narHash": "sha256-nTSYUkhE7M9l9lKlbBQ6HWOmsf4OTtV0VcJzyx/FrTk=",
        "owner": "hyprwm",
        "repo": "Hyprland",
        "rev": "da093a8aec7d3e5030f7ef4b0813f1d8160f47f5",
        "type": "github"
      },
      "original": {
        "owner": "hyprwm",
        "repo": "Hyprland",
        "type": "github"
      }
    },
    "hyprland-contrib": {
      "inputs": {
        "nixpkgs": [
          "nixpkgs"
        ]
      },
      "locked": {
        "lastModified": 1683107384,
        "narHash": "sha256-maCeGSr7UaxMzHgqHBtahwhf8nhenTytJnCWOA+DoXI=",
        "owner": "hyprwm",
        "repo": "contrib",
        "rev": "a5792efdb113e9e971dc6fe5114fee814afbfb81",
        "type": "github"
      },
      "original": {
        "owner": "hyprwm",
        "repo": "contrib",
        "type": "github"
      }
    },
    "hyprland-protocols": {
      "inputs": {
        "nixpkgs": [
          "hyprland",
          "nixpkgs"
        ]
      },
      "locked": {
        "lastModified": 1681065697,
        "narHash": "sha256-QPzwwlGKX95tl6ZEshboZbEwwAXww6lNLdVYd6T9Mrc=",
        "owner": "hyprwm",
        "repo": "hyprland-protocols",
        "rev": "4d29e48433270a2af06b8bc711ca1fe5109746cd",
        "type": "github"
      },
      "original": {
        "owner": "hyprwm",
        "repo": "hyprland-protocols",
        "type": "github"
      }
    },
    "icehouse": {
      "inputs": {
        "nixpkgs": [
          "nixpkgs"
        ],
        "snowfall-lib": "snowfall-lib_4",
        "unstable": [
          "nixpkgs"
        ]
      },
      "locked": {
        "lastModified": 1676625294,
        "narHash": "sha256-5NfS3+PUYRYmPdXmn7XaFmww7ZqD4nisdy+NEX9GpOg=",
        "owner": "snowfallorg",
        "repo": "icehouse",
        "rev": "12a36bf26ccce8dfffc23575bc1273382849c9df",
        "type": "github"
      },
      "original": {
        "owner": "snowfallorg",
        "repo": "icehouse",
        "type": "github"
      }
    },
    "naersk": {
      "inputs": {
        "nixpkgs": [
          "comma",
          "nixpkgs"
        ]
      },
      "locked": {
        "lastModified": 1679567394,
        "narHash": "sha256-ZvLuzPeARDLiQUt6zSZFGOs+HZmE+3g4QURc8mkBsfM=",
        "owner": "nix-community",
        "repo": "naersk",
        "rev": "88cd22380154a2c36799fe8098888f0f59861a15",
        "type": "github"
      },
      "original": {
        "owner": "nix-community",
        "ref": "master",
        "repo": "naersk",
        "type": "github"
      }
    },
    "nix-ld": {
      "inputs": {
        "nixpkgs": [
          "nixpkgs"
        ],
        "utils": "utils_3"
      },
      "locked": {
        "lastModified": 1682533818,
        "narHash": "sha256-2Fzjk3jL7rlyLjPKWy05zU8SGm04M3mbzohk51vkw3Y=",
        "owner": "Mic92",
        "repo": "nix-ld",
        "rev": "29f15b1f7e37810689974ef169496c51f6403a1b",
        "type": "github"
      },
      "original": {
        "owner": "Mic92",
        "repo": "nix-ld",
        "type": "github"
      }
    },
    "nixlib": {
      "locked": {
        "lastModified": 1681001314,
        "narHash": "sha256-5sDnCLdrKZqxLPK4KA8+f4A3YKO/u6ElpMILvX0g72c=",
        "owner": "nix-community",
        "repo": "nixpkgs.lib",
        "rev": "367c0e1086a4eb4502b24d872cea2c7acdd557f4",
        "type": "github"
      },
      "original": {
        "owner": "nix-community",
        "repo": "nixpkgs.lib",
        "type": "github"
      }
    },
    "nixos-generators": {
      "inputs": {
        "nixlib": "nixlib",
        "nixpkgs": [
          "nixpkgs"
        ]
      },
      "locked": {
        "lastModified": 1682946851,
        "narHash": "sha256-YoEtcS8oRurXdrYW1ceF3LaqBeJDp33+NqyqsQAh96c=",
        "owner": "nix-community",
        "repo": "nixos-generators",
        "rev": "8e981bbc0f146e87ac5e8cc98a84dd6702648adb",
        "type": "github"
      },
      "original": {
        "owner": "nix-community",
        "repo": "nixos-generators",
        "type": "github"
      }
    },
    "nixos-hardware": {
      "locked": {
        "lastModified": 1683009613,
        "narHash": "sha256-jJh8JaoHOLlk7iFLgZk1PlxCCNA2KTKfOLMLCa9mduA=",
        "owner": "nixos",
        "repo": "nixos-hardware",
        "rev": "7dc46304675f4ff2d6be921ef60883efd31363c4",
        "type": "github"
      },
      "original": {
        "owner": "nixos",
        "repo": "nixos-hardware",
        "type": "github"
      }
    },
    "nixpkgs": {
      "locked": {
        "lastModified": 1677383253,
        "narHash": "sha256-UfpzWfSxkfXHnb4boXZNaKsAcUrZT9Hw+tao1oZxd08=",
        "owner": "NixOS",
        "repo": "nixpkgs",
        "rev": "9952d6bc395f5841262b006fbace8dd7e143b634",
        "type": "github"
      },
      "original": {
        "owner": "NixOS",
        "ref": "nixpkgs-unstable",
        "repo": "nixpkgs",
        "type": "github"
      }
    },
    "nixpkgs-stable": {
      "locked": {
        "lastModified": 1682817260,
        "narHash": "sha256-kFMXzKNj4d/0Iqbm5l57rHSLyUeyCLMuvlROZIuuhvk=",
        "owner": "NixOS",
        "repo": "nixpkgs",
        "rev": "db1e4eeb0f9a9028bcb920e00abbc1409dd3ef36",
        "type": "github"
      },
      "original": {
        "owner": "NixOS",
        "ref": "release-22.11",
        "repo": "nixpkgs",
        "type": "github"
      }
    },
    "nixpkgs_2": {
      "locked": {
        "lastModified": 1683014792,
        "narHash": "sha256-6Va9iVtmmsw4raBc3QKvQT2KT/NGRWlvUlJj46zN8B8=",
        "owner": "NixOS",
        "repo": "nixpkgs",
        "rev": "1a411f23ba299db155a5b45d5e145b85a7aafc42",
        "type": "github"
      },
      "original": {
        "owner": "NixOS",
        "ref": "nixos-unstable",
        "repo": "nixpkgs",
        "type": "github"
      }
    },
    "nixpkgs_3": {
      "locked": {
        "lastModified": 1683014792,
        "narHash": "sha256-6Va9iVtmmsw4raBc3QKvQT2KT/NGRWlvUlJj46zN8B8=",
        "owner": "nixos",
        "repo": "nixpkgs",
        "rev": "1a411f23ba299db155a5b45d5e145b85a7aafc42",
        "type": "github"
      },
      "original": {
        "owner": "nixos",
        "ref": "nixos-unstable",
        "repo": "nixpkgs",
        "type": "github"
      }
    },
    "nixpkgs_4": {
      "locked": {
        "lastModified": 1681358109,
        "narHash": "sha256-eKyxW4OohHQx9Urxi7TQlFBTDWII+F+x2hklDOQPB50=",
        "owner": "NixOS",
        "repo": "nixpkgs",
        "rev": "96ba1c52e54e74c3197f4d43026b3f3d92e83ff9",
        "type": "github"
      },
      "original": {
        "owner": "NixOS",
        "ref": "nixpkgs-unstable",
        "repo": "nixpkgs",
        "type": "github"
      }
    },
    "nixpkgs_5": {
      "locked": {
        "lastModified": 1682779028,
        "narHash": "sha256-tFfSbwSLobpHRznAa35KEU3R+fsFWTlmpFhTUdXq8RE=",
        "owner": "NixOS",
        "repo": "nixpkgs",
        "rev": "54abe781c482f51ff4ff534ebaba77db5bd97442",
        "type": "github"
      },
      "original": {
        "owner": "NixOS",
        "ref": "nixpkgs-unstable",
        "repo": "nixpkgs",
        "type": "github"
      }
    },
    "nur": {
      "locked": {
        "lastModified": 1683160589,
        "narHash": "sha256-AFCY70GvoCgQFx0eFMAOmQXeUkErugTCKoskbBfaPw4=",
        "owner": "nix-community",
        "repo": "NUR",
        "rev": "f2e47c4223ad609237b66e1ebcfd0b29a499d63f",
        "type": "github"
      },
      "original": {
        "owner": "nix-community",
        "repo": "NUR",
        "type": "github"
      }
    },
    "replugged": {
      "inputs": {
        "nixpkgs": [
          "nixpkgs"
        ],
        "replugged": "replugged_2"
      },
      "locked": {
        "lastModified": 1669681358,
        "narHash": "sha256-lkUUaIabrTDYK7U17iTIZJ2GK90zcV42SoiBh/fdDmU=",
        "owner": "LunNova",
        "repo": "replugged-nix-flake",
        "rev": "6e6bb35f7016632cc661c31c54bdc9021229e2da",
        "type": "github"
      },
      "original": {
        "owner": "LunNova",
        "repo": "replugged-nix-flake",
        "type": "github"
      }
    },
    "replugged_2": {
      "flake": false,
      "locked": {
        "lastModified": 1664511204,
        "narHash": "sha256-wgVInLJd97vsndfSVLRvJzOl4e1yZCXYsFpp0ITZvzQ=",
        "owner": "replugged-org",
        "repo": "replugged",
        "rev": "e984d8fdae3a3585e6ca7dc7fa8aed3725062b31",
        "type": "github"
      },
      "original": {
        "owner": "replugged-org",
        "repo": "replugged",
        "type": "github"
      }
    },
    "root": {
      "inputs": {
        "catppuccin-cursors": "catppuccin-cursors",
        "comma": "comma",
        "cowsay": "cowsay",
        "darwin": "darwin",
        "deploy-rs": "deploy-rs",
        "devshell": "devshell",
        "discord-nord-theme": "discord-nord-theme",
        "discord-tweaks": "discord-tweaks",
        "flake": "flake",
        "gpg-base-conf": "gpg-base-conf",
        "home-manager": "home-manager",
        "hyprland": "hyprland",
        "hyprland-contrib": "hyprland-contrib",
        "icehouse": "icehouse",
        "nix-ld": "nix-ld",
        "nixos-generators": "nixos-generators",
        "nixos-hardware": "nixos-hardware",
        "nixpkgs": "nixpkgs_3",
        "nur": "nur",
        "replugged": "replugged",
        "rustup-overlay": "rustup-overlay",
        "snowfall-lib": "snowfall-lib_5",
        "sops-nix": "sops-nix",
        "yubikey-guide": "yubikey-guide"
      }
    },
    "rustup-overlay": {
      "inputs": {
        "flake-utils": "flake-utils_6",
        "nixpkgs": "nixpkgs_4"
      },
      "locked": {
        "lastModified": 1683080331,
        "narHash": "sha256-nGDvJ1DAxZIwdn6ww8IFwzoHb2rqBP4wv/65Wt5vflk=",
        "owner": "oxalica",
        "repo": "rust-overlay",
        "rev": "d59c3fa0cba8336e115b376c2d9e91053aa59e56",
        "type": "github"
      },
      "original": {
        "owner": "oxalica",
        "repo": "rust-overlay",
        "type": "github"
      }
    },
    "snowfall-lib": {
      "inputs": {
        "flake-compat": "flake-compat_2",
        "flake-utils-plus": "flake-utils-plus",
        "nixpkgs": [
          "cowsay",
          "nixpkgs"
        ]
      },
      "locked": {
        "lastModified": 1667153928,
        "narHash": "sha256-SbXxxrxWzumig4ytez86B9FFkd9zH/qj+SSiMUwY8bI=",
        "owner": "snowfallorg",
        "repo": "lib",
        "rev": "1ffe7109a0aade9df745432e1f5788cf67a05a3e",
        "type": "github"
      },
      "original": {
        "owner": "snowfallorg",
        "repo": "lib",
        "type": "github"
      }
    },
    "snowfall-lib_2": {
      "inputs": {
        "flake-compat": "flake-compat_3",
        "flake-utils-plus": "flake-utils-plus_2",
        "nixpkgs": [
          "cowsay",
          "vhs",
          "nixpkgs"
        ]
      },
      "locked": {
        "lastModified": 1667153928,
        "narHash": "sha256-SbXxxrxWzumig4ytez86B9FFkd9zH/qj+SSiMUwY8bI=",
        "owner": "snowfallorg",
        "repo": "lib",
        "rev": "1ffe7109a0aade9df745432e1f5788cf67a05a3e",
        "type": "github"
      },
      "original": {
        "owner": "snowfallorg",
        "repo": "lib",
        "type": "github"
      }
    },
    "snowfall-lib_3": {
      "inputs": {
        "flake-compat": "flake-compat_6",
        "flake-utils-plus": "flake-utils-plus_3",
        "nixpkgs": [
          "flake",
          "nixpkgs"
        ]
      },
      "locked": {
        "lastModified": 1673270548,
        "narHash": "sha256-7rgGdtRb42y1yrrRg3SeqosPTeggsPhZCgDebyplKeU=",
        "owner": "snowfallorg",
        "repo": "lib",
        "rev": "cbe1b6e0fb04243b1c3cd25f6fc0ce86c5248024",
        "type": "github"
      },
      "original": {
        "owner": "snowfallorg",
        "ref": "dev",
        "repo": "lib",
        "type": "github"
      }
    },
    "snowfall-lib_4": {
      "inputs": {
        "flake-compat": "flake-compat_7",
        "flake-utils-plus": "flake-utils-plus_4",
        "nixpkgs": [
          "icehouse",
          "nixpkgs"
        ]
      },
      "locked": {
        "lastModified": 1673823172,
        "narHash": "sha256-fzaEBsPcxDSEK0aMm33gx8m36gyzg3R6ADkO95yCSjk=",
        "owner": "snowfallorg",
        "repo": "lib",
        "rev": "7def9101defc63dec9982cd6381469764c08db3c",
        "type": "github"
      },
      "original": {
        "owner": "snowfallorg",
        "ref": "dev",
        "repo": "lib",
        "type": "github"
      }
    },
    "snowfall-lib_5": {
      "inputs": {
        "flake-compat": "flake-compat_8",
        "flake-utils-plus": "flake-utils-plus_5",
        "nixpkgs": [
          "nixpkgs"
        ]
      },
      "locked": {
        "lastModified": 1677030094,
        "narHash": "sha256-OqcOKVsAW23+Wi2kkrFPhX7+t6n22fSLzt/Oe5PesvI=",
        "owner": "snowfallorg",
        "repo": "lib",
        "rev": "b428b981b96114612414313fa62f3ed14cc8f168",
        "type": "github"
      },
      "original": {
        "owner": "snowfallorg",
        "ref": "dev",
        "repo": "lib",
        "type": "github"
      }
    },
    "sops-nix": {
      "inputs": {
        "nixpkgs": "nixpkgs_5",
        "nixpkgs-stable": "nixpkgs-stable"
      },
      "locked": {
        "lastModified": 1682823324,
        "narHash": "sha256-KNu3OAqVyoKwnDP+gqptjQYCnZXxEwXccR89c0r1/8k=",
        "owner": "Mic92",
        "repo": "sops-nix",
        "rev": "4f308f76633f81253a12b80e7b05b80d325005b2",
        "type": "github"
      },
      "original": {
        "owner": "Mic92",
        "repo": "sops-nix",
        "type": "github"
      }
    },
    "systems": {
      "locked": {
        "lastModified": 1681028828,
        "narHash": "sha256-Vy1rq5AaRuLzOxct8nz4T6wlgyUR7zLU309k9mBC768=",
        "owner": "nix-systems",
        "repo": "default",
        "rev": "da67096a3b9bf56a91d16901293e51ba5b49a27e",
        "type": "github"
      },
      "original": {
        "owner": "nix-systems",
        "repo": "default",
        "type": "github"
      }
    },
    "unstable": {
      "locked": {
        "lastModified": 1673134516,
        "narHash": "sha256-mAZQKqkNQbBmJnmUU0blOfkKlgMSSVyPHdeWeuKad8U=",
        "owner": "nixos",
        "repo": "nixpkgs",
        "rev": "f6f44561884c3470e2b783683d5dbac42dfc833b",
        "type": "github"
      },
      "original": {
        "owner": "nixos",
        "ref": "nixos-unstable",
        "repo": "nixpkgs",
        "type": "github"
      }
    },
    "utils": {
      "locked": {
        "lastModified": 1678901627,
        "narHash": "sha256-U02riOqrKKzwjsxc/400XnElV+UtPUQWpANPlyazjH0=",
        "owner": "numtide",
        "repo": "flake-utils",
        "rev": "93a2b84fc4b70d9e089d029deacc3583435c2ed6",
        "type": "github"
      },
      "original": {
        "owner": "numtide",
        "repo": "flake-utils",
        "type": "github"
      }
    },
    "utils_2": {
      "locked": {
        "lastModified": 1667395993,
        "narHash": "sha256-nuEHfE/LcWyuSWnS8t12N1wc105Qtau+/OdUAjtQ0rA=",
        "owner": "numtide",
        "repo": "flake-utils",
        "rev": "5aed5285a952e0b949eb3ba02c12fa4fcfef535f",
        "type": "github"
      },
      "original": {
        "owner": "numtide",
        "repo": "flake-utils",
        "type": "github"
      }
    },
    "utils_3": {
      "locked": {
        "lastModified": 1667395993,
        "narHash": "sha256-nuEHfE/LcWyuSWnS8t12N1wc105Qtau+/OdUAjtQ0rA=",
        "owner": "numtide",
        "repo": "flake-utils",
        "rev": "5aed5285a952e0b949eb3ba02c12fa4fcfef535f",
        "type": "github"
      },
      "original": {
        "owner": "numtide",
        "repo": "flake-utils",
        "type": "github"
      }
    },
    "vhs": {
      "inputs": {
        "nixpkgs": [
          "cowsay",
          "nixpkgs"
        ],
        "snowfall-lib": "snowfall-lib_2"
      },
      "locked": {
        "lastModified": 1671070955,
        "narHash": "sha256-Zj1l0cqT+XJfiaZTaOa2AbyCoqlCPXQZOIzMShVyUks=",
        "owner": "snowfallorg",
        "repo": "vhs",
        "rev": "f8370799a1513e0e29f6b03ad936983f25622530",
        "type": "github"
      },
      "original": {
        "owner": "snowfallorg",
        "repo": "vhs",
        "type": "github"
      }
    },
    "wlroots": {
      "flake": false,
      "locked": {
        "host": "gitlab.freedesktop.org",
        "lastModified": 1682436395,
        "narHash": "sha256-GGEjkQO9m7YLYIXIXM76HWdhjg4Ye+oafOtyaFAYKI4=",
        "owner": "wlroots",
        "repo": "wlroots",
        "rev": "6830bfc17fd94709e2cdd4da0af989f102a26e59",
        "type": "gitlab"
      },
      "original": {
        "host": "gitlab.freedesktop.org",
        "owner": "wlroots",
        "repo": "wlroots",
        "type": "gitlab"
      }
    },
    "xdph": {
      "inputs": {
        "hyprland-protocols": [
          "hyprland",
          "hyprland-protocols"
        ],
        "nixpkgs": [
          "hyprland",
          "nixpkgs"
        ]
      },
      "locked": {
        "lastModified": 1682439384,
        "narHash": "sha256-zHDa8LCZs05TZHQSIZ3ucwyMPglBGHcqTBzfkLjYXTM=",
        "owner": "hyprwm",
        "repo": "xdg-desktop-portal-hyprland",
        "rev": "c0e233955568fbea4e859336f6d3d14d51294d7c",
        "type": "github"
      },
      "original": {
        "owner": "hyprwm",
        "repo": "xdg-desktop-portal-hyprland",
        "type": "github"
      }
    },
    "yubikey-guide": {
      "flake": false,
      "locked": {
        "lastModified": 1679251346,
        "narHash": "sha256-N76e/yhXUoWUK6EQZHGyTs0DcbZqAlI5xtQMf0squR8=",
        "owner": "drduh",
        "repo": "YubiKey-Guide",
        "rev": "fec6e92b8f05c899eccc7f2f2b273d609ed6094e",
        "type": "github"
      },
      "original": {
        "owner": "drduh",
        "repo": "YubiKey-Guide",
        "type": "github"
      }
    }
  },
  "root": "root",
  "version": 7
}
